
Microsoft Visual Studio Solution File, Format Version 12.00
# Visual Studio Version 17
VisualStudioVersion = 17.9.34728.123
MinimumVisualStudioVersion = 10.0.40219.1
Project("{FAE04EC0-301F-11D3-BF4B-00C04F79EFBC}") = "BlazorSyncfusionCrm.Server", "BlazorSyncfusionCrm\Server\BlazorSyncfusionCrm.Server.csproj", "{CF3A0187-563A-4241-A731-E884DAD2AE1C}"
EndProject
Project("{FAE04EC0-301F-11D3-BF4B-00C04F79EFBC}") = "BlazorSyncfusionCrm.Client", "BlazorSyncfusionCrm\Client\BlazorSyncfusionCrm.Client.csproj", "{11517268-8308-4247-8656-B7FE604F32E6}"
EndProject
Project("{FAE04EC0-301F-11D3-BF4B-00C04F79EFBC}") = "BlazorSyncfusionCrm.Shared", "BlazorSyncfusionCrm\Shared\BlazorSyncfusionCrm.Shared.csproj", "{58497866-653B-43F3-B84A-39D72969C926}"
EndProject
Global
	GlobalSection(SolutionConfigurationPlatforms) = preSolution
		Debug|Any CPU = Debug|Any CPU
		Release|Any CPU = Release|Any CPU
	EndGlobalSection
	GlobalSection(ProjectConfigurationPlatforms) = postSolution
		{CF3A0187-563A-4241-A731-E884DAD2AE1C}.Debug|Any CPU.ActiveCfg = Debug|Any CPU
		{CF3A0187-563A-4241-A731-E884DAD2AE1C}.Debug|Any CPU.Build.0 = Debug|Any CPU
		{CF3A0187-563A-4241-A731-E884DAD2AE1C}.Release|Any CPU.ActiveCfg = Release|Any CPU
		{CF3A0187-563A-4241-A731-E884DAD2AE1C}.Release|Any CPU.Build.0 = Release|Any CPU
		{11517268-8308-4247-8656-B7FE604F32E6}.Debug|Any CPU.ActiveCfg = Debug|Any CPU
		{11517268-8308-4247-8656-B7FE604F32E6}.Debug|Any CPU.Build.0 = Debug|Any CPU
		{11517268-8308-4247-8656-B7FE604F32E6}.Release|Any CPU.ActiveCfg = Release|Any CPU
		{11517268-8308-4247-8656-B7FE604F32E6}.Release|Any CPU.Build.0 = Release|Any CPU
		{58497866-653B-43F3-B84A-39D72969C926}.Debug|Any CPU.ActiveCfg = Debug|Any CPU
		{58497866-653B-43F3-B84A-39D72969C926}.Debug|Any CPU.Build.0 = Debug|Any CPU
		{58497866-653B-43F3-B84A-39D72969C926}.Release|Any CPU.ActiveCfg = Release|Any CPU
		{58497866-653B-43F3-B84A-39D72969C926}.Release|Any CPU.Build.0 = Release|Any CPU
	EndGlobalSection
	GlobalSection(SolutionProperties) = preSolution
		HideSolutionNode = FALSE
	EndGlobalSection
	GlobalSection(ExtensibilityGlobals) = postSolution
		SolutionGuid = {6D99ACE8-7BE1-466F-91AC-307EE9BD2020}
	EndGlobalSection
EndGlobal
